
Microsoft Visual Studio Solution File, Format Version 12.00
# Visual Studio Version 16
VisualStudioVersion = 16.0.30611.23
MinimumVisualStudioVersion = 10.0.40219.1
Project("{9A19103F-16F7-4668-BE54-9A1E7A4F7556}") = "dn32.socket", "dn32.socket\dn32.socket.csproj", "{25AF9011-2B68-452E-8613-853DC1616D16}"
EndProject
Project("{9A19103F-16F7-4668-BE54-9A1E7A4F7556}") = "dn32.socket.cliente", "dn32.socket.cliente\dn32.socket.cliente.csproj", "{EA22E51D-3503-4003-99D3-115D57A0432E}"
EndProject
Project("{9A19103F-16F7-4668-BE54-9A1E7A4F7556}") = "dn32.socket.servidor", "dn32.socket.servidor\dn32.socket.servidor.csproj", "{91E34ED5-F175-44AE-9404-A905F12048DF}"
EndProject
Global
	GlobalSection(SolutionConfigurationPlatforms) = preSolution
		Debug|Any CPU = Debug|Any CPU
		Release|Any CPU = Release|Any CPU
	EndGlobalSection
	GlobalSection(ProjectConfigurationPlatforms) = postSolution
		{25AF9011-2B68-452E-8613-853DC1616D16}.Debug|Any CPU.ActiveCfg = Debug|Any CPU
		{25AF9011-2B68-452E-8613-853DC1616D16}.Debug|Any CPU.Build.0 = Debug|Any CPU
		{25AF9011-2B68-452E-8613-853DC1616D16}.Release|Any CPU.ActiveCfg = Release|Any CPU
		{25AF9011-2B68-452E-8613-853DC1616D16}.Release|Any CPU.Build.0 = Release|Any CPU
		{EA22E51D-3503-4003-99D3-115D57A0432E}.Debug|Any CPU.ActiveCfg = Debug|Any CPU
		{EA22E51D-3503-4003-99D3-115D57A0432E}.Debug|Any CPU.Build.0 = Debug|Any CPU
		{EA22E51D-3503-4003-99D3-115D57A0432E}.Release|Any CPU.ActiveCfg = Release|Any CPU
		{EA22E51D-3503-4003-99D3-115D57A0432E}.Release|Any CPU.Build.0 = Release|Any CPU
		{91E34ED5-F175-44AE-9404-A905F12048DF}.Debug|Any CPU.ActiveCfg = Debug|Any CPU
		{91E34ED5-F175-44AE-9404-A905F12048DF}.Debug|Any CPU.Build.0 = Debug|Any CPU
		{91E34ED5-F175-44AE-9404-A905F12048DF}.Release|Any CPU.ActiveCfg = Release|Any CPU
		{91E34ED5-F175-44AE-9404-A905F12048DF}.Release|Any CPU.Build.0 = Release|Any CPU
	EndGlobalSection
	GlobalSection(SolutionProperties) = preSolution
		HideSolutionNode = FALSE
	EndGlobalSection
	GlobalSection(ExtensibilityGlobals) = postSolution
		SolutionGuid = {4547A457-704C-4ED0-BA2D-D2C7D4CFE863}
	EndGlobalSection
EndGlobal
